
Microsoft Visual Studio Solution File, Format Version 12.00
Project("{FAE04EC0-301F-11D3-BF4B-00C04F79EFBC}") = "SocialIcon", "SocialIcon\SocialIcon.csproj", "{3EC029EF-0C6A-4E88-BD14-3493FB883127}"
EndProject
Project("{FAE04EC0-301F-11D3-BF4B-00C04F79EFBC}") = "SocialIcon.Icon", "SocialIcon.Icon\SocialIcon.Icon.csproj", "{58AE3303-7BBA-4715-A806-F5B106F2E4D7}"
EndProject
Global
	GlobalSection(SolutionConfigurationPlatforms) = preSolution
		Debug|Any CPU = Debug|Any CPU
		Release|Any CPU = Release|Any CPU
	EndGlobalSection
	GlobalSection(ProjectConfigurationPlatforms) = postSolution
		{3EC029EF-0C6A-4E88-BD14-3493FB883127}.Debug|Any CPU.ActiveCfg = Debug|Any CPU
		{3EC029EF-0C6A-4E88-BD14-3493FB883127}.Debug|Any CPU.Build.0 = Debug|Any CPU
		{3EC029EF-0C6A-4E88-BD14-3493FB883127}.Release|Any CPU.ActiveCfg = Release|Any CPU
		{3EC029EF-0C6A-4E88-BD14-3493FB883127}.Release|Any CPU.Build.0 = Release|Any CPU
		{58AE3303-7BBA-4715-A806-F5B106F2E4D7}.Debug|Any CPU.ActiveCfg = Debug|Any CPU
		{58AE3303-7BBA-4715-A806-F5B106F2E4D7}.Debug|Any CPU.Build.0 = Debug|Any CPU
		{58AE3303-7BBA-4715-A806-F5B106F2E4D7}.Release|Any CPU.ActiveCfg = Release|Any CPU
		{58AE3303-7BBA-4715-A806-F5B106F2E4D7}.Release|Any CPU.Build.0 = Release|Any CPU
	EndGlobalSection
EndGlobal
